
Microsoft Visual Studio Solution File, Format Version 12.00
# Visual Studio Version 16
VisualStudioVersion = 16.0.29324.140
MinimumVisualStudioVersion = 10.0.40219.1
Project("{FAE04EC0-301F-11D3-BF4B-00C04F79EFBC}") = "Library.AddBook", "Library.AddBook\Library.AddBook.csproj", "{2C939694-1174-4E94-A14E-758727C6C33F}"
EndProject
Project("{FAE04EC0-301F-11D3-BF4B-00C04F79EFBC}") = "Library.AddLoan", "Library.AddLoan\Library.AddLoan.csproj", "{890E460A-594A-479E-A870-6185634E7CD9}"
EndProject
Global
	GlobalSection(SolutionConfigurationPlatforms) = preSolution
		Debug|Any CPU = Debug|Any CPU
		Release|Any CPU = Release|Any CPU
	EndGlobalSection
	GlobalSection(ProjectConfigurationPlatforms) = postSolution
		{2C939694-1174-4E94-A14E-758727C6C33F}.Debug|Any CPU.ActiveCfg = Debug|Any CPU
		{2C939694-1174-4E94-A14E-758727C6C33F}.Debug|Any CPU.Build.0 = Debug|Any CPU
		{2C939694-1174-4E94-A14E-758727C6C33F}.Release|Any CPU.ActiveCfg = Release|Any CPU
		{2C939694-1174-4E94-A14E-758727C6C33F}.Release|Any CPU.Build.0 = Release|Any CPU
		{890E460A-594A-479E-A870-6185634E7CD9}.Debug|Any CPU.ActiveCfg = Debug|Any CPU
		{890E460A-594A-479E-A870-6185634E7CD9}.Debug|Any CPU.Build.0 = Debug|Any CPU
		{890E460A-594A-479E-A870-6185634E7CD9}.Release|Any CPU.ActiveCfg = Release|Any CPU
		{890E460A-594A-479E-A870-6185634E7CD9}.Release|Any CPU.Build.0 = Release|Any CPU
	EndGlobalSection
	GlobalSection(SolutionProperties) = preSolution
		HideSolutionNode = FALSE
	EndGlobalSection
	GlobalSection(ExtensibilityGlobals) = postSolution
		SolutionGuid = {B1A65F5C-E8D8-41F6-8A7E-D672E4F616CD}
	EndGlobalSection
EndGlobal
